
Microsoft Visual Studio Solution File, Format Version 12.00
# Visual Studio Version 17
VisualStudioVersion = 17.7.34031.279
MinimumVisualStudioVersion = 10.0.40219.1
Project("{FAE04EC0-301F-11D3-BF4B-00C04F79EFBC}") = "E94106119_practice_5_1_try", "E94106119_practice_5_1_try\E94106119_practice_5_1_try.csproj", "{61089F05-A163-499E-A43A-59F95C37893F}"
EndProject
Global
	GlobalSection(SolutionConfigurationPlatforms) = preSolution
		Debug|Any CPU = Debug|Any CPU
		Release|Any CPU = Release|Any CPU
	EndGlobalSection
	GlobalSection(ProjectConfigurationPlatforms) = postSolution
		{61089F05-A163-499E-A43A-59F95C37893F}.Debug|Any CPU.ActiveCfg = Debug|Any CPU
		{61089F05-A163-499E-A43A-59F95C37893F}.Debug|Any CPU.Build.0 = Debug|Any CPU
		{61089F05-A163-499E-A43A-59F95C37893F}.Release|Any CPU.ActiveCfg = Release|Any CPU
		{61089F05-A163-499E-A43A-59F95C37893F}.Release|Any CPU.Build.0 = Release|Any CPU
	EndGlobalSection
	GlobalSection(SolutionProperties) = preSolution
		HideSolutionNode = FALSE
	EndGlobalSection
	GlobalSection(ExtensibilityGlobals) = postSolution
		SolutionGuid = {7089B9DC-160C-443C-A739-9B599100A919}
	EndGlobalSection
EndGlobal
