
Microsoft Visual Studio Solution File, Format Version 12.00
# Visual Studio Version 17
VisualStudioVersion = 17.7.34031.279
MinimumVisualStudioVersion = 10.0.40219.1
Project("{FAE04EC0-301F-11D3-BF4B-00C04F79EFBC}") = "E94106119_practice_1_2", "E94106119_practice_1_2\E94106119_practice_1_2.csproj", "{610F7C30-DDCC-4092-96FA-76086910B7DE}"
EndProject
Global
	GlobalSection(SolutionConfigurationPlatforms) = preSolution
		Debug|Any CPU = Debug|Any CPU
		Release|Any CPU = Release|Any CPU
	EndGlobalSection
	GlobalSection(ProjectConfigurationPlatforms) = postSolution
		{610F7C30-DDCC-4092-96FA-76086910B7DE}.Debug|Any CPU.ActiveCfg = Debug|Any CPU
		{610F7C30-DDCC-4092-96FA-76086910B7DE}.Debug|Any CPU.Build.0 = Debug|Any CPU
		{610F7C30-DDCC-4092-96FA-76086910B7DE}.Release|Any CPU.ActiveCfg = Release|Any CPU
		{610F7C30-DDCC-4092-96FA-76086910B7DE}.Release|Any CPU.Build.0 = Release|Any CPU
	EndGlobalSection
	GlobalSection(SolutionProperties) = preSolution
		HideSolutionNode = FALSE
	EndGlobalSection
	GlobalSection(ExtensibilityGlobals) = postSolution
		SolutionGuid = {0AABB429-5E35-4AB4-9B98-AFC00EF442ED}
	EndGlobalSection
EndGlobal
