
Microsoft Visual Studio Solution File, Format Version 12.00
# Visual Studio Version 17
VisualStudioVersion = 17.7.34031.279
MinimumVisualStudioVersion = 10.0.40219.1
Project("{FAE04EC0-301F-11D3-BF4B-00C04F79EFBC}") = "E94106119_practice_1_1", "E94106119_practice_1_1\E94106119_practice_1_1.csproj", "{B3342F0F-C317-475F-9878-8C8A360E623C}"
EndProject
Global
	GlobalSection(SolutionConfigurationPlatforms) = preSolution
		Debug|Any CPU = Debug|Any CPU
		Release|Any CPU = Release|Any CPU
	EndGlobalSection
	GlobalSection(ProjectConfigurationPlatforms) = postSolution
		{B3342F0F-C317-475F-9878-8C8A360E623C}.Debug|Any CPU.ActiveCfg = Debug|Any CPU
		{B3342F0F-C317-475F-9878-8C8A360E623C}.Debug|Any CPU.Build.0 = Debug|Any CPU
		{B3342F0F-C317-475F-9878-8C8A360E623C}.Release|Any CPU.ActiveCfg = Release|Any CPU
		{B3342F0F-C317-475F-9878-8C8A360E623C}.Release|Any CPU.Build.0 = Release|Any CPU
	EndGlobalSection
	GlobalSection(SolutionProperties) = preSolution
		HideSolutionNode = FALSE
	EndGlobalSection
	GlobalSection(ExtensibilityGlobals) = postSolution
		SolutionGuid = {62FD90CC-8759-4B11-99FB-273D3446C88E}
	EndGlobalSection
EndGlobal
